# This file is automatically @generated by Cargo.
# It is not intended for manual editing.
version = 3

[[package]]
name = "iomfb"
version = "0.1.0"
dependencies = [
 "iomfb-abi",
 "iomfb-sys",
]

[[package]]
name = "iomfb-abi"
version = "0.1.0"

[[package]]
name = "iomfb-c"
version = "0.1.0"
dependencies = [
 "iomfb",
 "iomfb-abi",
]

[[package]]
name = "iomfb-sys"
version = "0.1.0"
dependencies = [
 "iomfb-abi",
]
